
Microsoft Visual Studio Solution File, Format Version 12.00
# Visual Studio Version 17
VisualStudioVersion = 17.7.34221.43
MinimumVisualStudioVersion = 10.0.40219.1
Project("{2150E333-8FDC-42A3-9474-1A3956D46DE8}") = "database", "database", "{9177256B-8B15-483D-BD50-B5D6FE5DD795}"
EndProject
Project("{2150E333-8FDC-42A3-9474-1A3956D46DE8}") = "test", "test", "{E81BAD29-B633-42CB-B478-C4A9384E456F}"
EndProject
Project("{2150E333-8FDC-42A3-9474-1A3956D46DE8}") = "docs", "docs", "{D6A63125-E852-4E56-85A8-9F33E384BB69}"
	ProjectSection(SolutionItems) = preProject
		README.md = README.md
	EndProjectSection
EndProject
Project("{2150E333-8FDC-42A3-9474-1A3956D46DE8}") = "src", "src", "{DC205A2E-BF1F-4B27-88B5-FB057E3ED6EA}"
EndProject
Project("{2150E333-8FDC-42A3-9474-1A3956D46DE8}") = "Core", "Core", "{4BD53829-6DB0-4255-9A8E-8DFD3536238C}"
EndProject
Project("{2150E333-8FDC-42A3-9474-1A3956D46DE8}") = "Api", "Api", "{39083A28-E6EB-4E60-9744-8E648085F33E}"
EndProject
Project("{2150E333-8FDC-42A3-9474-1A3956D46DE8}") = "Infrastructure", "Infrastructure", "{BA39595A-311C-4F83-995F-FC89CC88D6D3}"
EndProject
Project("{00D1A9C2-B5F0-4AF3-8072-F6C62B433612}") = "CookBook.Recipes.Database", "database\CookBook.Recipes.Database.sqlproj", "{A77CC596-6238-4CF9-95E6-E84DC48A3A0A}"
EndProject
Project("{9A19103F-16F7-4668-BE54-9A1E7A4F7556}") = "CookBook.Recipes.Api", "src\CookBook.Recipes.Api\CookBook.Recipes.Api.csproj", "{FBC42211-3A9C-4E17-973B-5D71B4ACD526}"
EndProject
Project("{9A19103F-16F7-4668-BE54-9A1E7A4F7556}") = "CookBook.Recipes.Domain", "src\CookBook.Recipes.Domain\CookBook.Recipes.Domain.csproj", "{A763515F-A81B-45BC-8872-D0F03FCD2727}"
EndProject
Project("{9A19103F-16F7-4668-BE54-9A1E7A4F7556}") = "CookBook.Recipes.Persistence", "src\CookBook.Recipes.Persistence\CookBook.Recipes.Persistence.csproj", "{754F9E68-033D-4DF0-8B50-F0BD84DD5916}"
EndProject
Project("{FAE04EC0-301F-11D3-BF4B-00C04F79EFBC}") = "CookBook.Recipes.Application", "src\CookBook.Recipes.Application\CookBook.Recipes.Application.csproj", "{8BB61FA4-AD41-446B-8E40-0DAE0F70A72A}"
EndProject
Global
	GlobalSection(SolutionConfigurationPlatforms) = preSolution
		Debug|Any CPU = Debug|Any CPU
		Release|Any CPU = Release|Any CPU
	EndGlobalSection
	GlobalSection(ProjectConfigurationPlatforms) = postSolution
		{A77CC596-6238-4CF9-95E6-E84DC48A3A0A}.Debug|Any CPU.ActiveCfg = Debug|Any CPU
		{A77CC596-6238-4CF9-95E6-E84DC48A3A0A}.Debug|Any CPU.Build.0 = Debug|Any CPU
		{A77CC596-6238-4CF9-95E6-E84DC48A3A0A}.Debug|Any CPU.Deploy.0 = Debug|Any CPU
		{A77CC596-6238-4CF9-95E6-E84DC48A3A0A}.Release|Any CPU.ActiveCfg = Release|Any CPU
		{A77CC596-6238-4CF9-95E6-E84DC48A3A0A}.Release|Any CPU.Build.0 = Release|Any CPU
		{A77CC596-6238-4CF9-95E6-E84DC48A3A0A}.Release|Any CPU.Deploy.0 = Release|Any CPU
		{FBC42211-3A9C-4E17-973B-5D71B4ACD526}.Debug|Any CPU.ActiveCfg = Debug|Any CPU
		{FBC42211-3A9C-4E17-973B-5D71B4ACD526}.Debug|Any CPU.Build.0 = Debug|Any CPU
		{FBC42211-3A9C-4E17-973B-5D71B4ACD526}.Release|Any CPU.ActiveCfg = Release|Any CPU
		{FBC42211-3A9C-4E17-973B-5D71B4ACD526}.Release|Any CPU.Build.0 = Release|Any CPU
		{A763515F-A81B-45BC-8872-D0F03FCD2727}.Debug|Any CPU.ActiveCfg = Debug|Any CPU
		{A763515F-A81B-45BC-8872-D0F03FCD2727}.Debug|Any CPU.Build.0 = Debug|Any CPU
		{A763515F-A81B-45BC-8872-D0F03FCD2727}.Release|Any CPU.ActiveCfg = Release|Any CPU
		{A763515F-A81B-45BC-8872-D0F03FCD2727}.Release|Any CPU.Build.0 = Release|Any CPU
		{754F9E68-033D-4DF0-8B50-F0BD84DD5916}.Debug|Any CPU.ActiveCfg = Debug|Any CPU
		{754F9E68-033D-4DF0-8B50-F0BD84DD5916}.Debug|Any CPU.Build.0 = Debug|Any CPU
		{754F9E68-033D-4DF0-8B50-F0BD84DD5916}.Release|Any CPU.ActiveCfg = Release|Any CPU
		{754F9E68-033D-4DF0-8B50-F0BD84DD5916}.Release|Any CPU.Build.0 = Release|Any CPU
		{8BB61FA4-AD41-446B-8E40-0DAE0F70A72A}.Debug|Any CPU.ActiveCfg = Debug|Any CPU
		{8BB61FA4-AD41-446B-8E40-0DAE0F70A72A}.Debug|Any CPU.Build.0 = Debug|Any CPU
		{8BB61FA4-AD41-446B-8E40-0DAE0F70A72A}.Release|Any CPU.ActiveCfg = Release|Any CPU
		{8BB61FA4-AD41-446B-8E40-0DAE0F70A72A}.Release|Any CPU.Build.0 = Release|Any CPU
	EndGlobalSection
	GlobalSection(SolutionProperties) = preSolution
		HideSolutionNode = FALSE
	EndGlobalSection
	GlobalSection(NestedProjects) = preSolution
		{4BD53829-6DB0-4255-9A8E-8DFD3536238C} = {DC205A2E-BF1F-4B27-88B5-FB057E3ED6EA}
		{39083A28-E6EB-4E60-9744-8E648085F33E} = {DC205A2E-BF1F-4B27-88B5-FB057E3ED6EA}
		{BA39595A-311C-4F83-995F-FC89CC88D6D3} = {DC205A2E-BF1F-4B27-88B5-FB057E3ED6EA}
		{A77CC596-6238-4CF9-95E6-E84DC48A3A0A} = {9177256B-8B15-483D-BD50-B5D6FE5DD795}
		{FBC42211-3A9C-4E17-973B-5D71B4ACD526} = {39083A28-E6EB-4E60-9744-8E648085F33E}
		{A763515F-A81B-45BC-8872-D0F03FCD2727} = {4BD53829-6DB0-4255-9A8E-8DFD3536238C}
		{754F9E68-033D-4DF0-8B50-F0BD84DD5916} = {BA39595A-311C-4F83-995F-FC89CC88D6D3}
		{8BB61FA4-AD41-446B-8E40-0DAE0F70A72A} = {4BD53829-6DB0-4255-9A8E-8DFD3536238C}
	EndGlobalSection
	GlobalSection(ExtensibilityGlobals) = postSolution
		SolutionGuid = {3C15A968-324A-4EC2-9451-9F5ED5F62BF4}
	EndGlobalSection
EndGlobal
